
Microsoft Visual Studio Solution File, Format Version 12.00
# Visual Studio Version 17
VisualStudioVersion = 17.5.002.0
MinimumVisualStudioVersion = 10.0.40219.1
Project("{9A19103F-16F7-4668-BE54-9A1E7A4F7556}") = "UltraSimpleCalculator", "UltraSimpleCalculator.csproj", "{DA8599F2-538D-4954-8127-892BBD2177FF}"
EndProject
Global
	GlobalSection(SolutionConfigurationPlatforms) = preSolution
		Debug|Any CPU = Debug|Any CPU
		Release|Any CPU = Release|Any CPU
	EndGlobalSection
	GlobalSection(ProjectConfigurationPlatforms) = postSolution
		{DA8599F2-538D-4954-8127-892BBD2177FF}.Debug|Any CPU.ActiveCfg = Debug|Any CPU
		{DA8599F2-538D-4954-8127-892BBD2177FF}.Debug|Any CPU.Build.0 = Debug|Any CPU
		{DA8599F2-538D-4954-8127-892BBD2177FF}.Release|Any CPU.ActiveCfg = Release|Any CPU
		{DA8599F2-538D-4954-8127-892BBD2177FF}.Release|Any CPU.Build.0 = Release|Any CPU
	EndGlobalSection
	GlobalSection(SolutionProperties) = preSolution
		HideSolutionNode = FALSE
	EndGlobalSection
	GlobalSection(ExtensibilityGlobals) = postSolution
		SolutionGuid = {75BE190B-F5C0-484D-BB15-3363B1F25BB7}
	EndGlobalSection
EndGlobal
